dependencies:
- name: agentgateway
  repository: oci://cr.agentgateway.dev/charts
  version: v1.2.1
- name: kserve-llmisvc-resources
  repository: oci://ghcr.io/kserve/charts
  version: v0.19.0-rc0
- name: kserve-runtime-configs
  repository: oci://ghcr.io/kserve/charts
  version: v0.19.0-rc0
- name: lws
  repository: oci://registry.k8s.io/lws/charts
  version: 0.8.0
digest: sha256:f9211ad522811b0178330e5a08d8920bb94061650101fb779945ba185791d928
generated: "2026-06-02T12:03:42.039872979+02:00"
